
Microsoft Visual Studio Solution File, Format Version 12.00
# Visual Studio Version 17
VisualStudioVersion = 17.13.35825.156
MinimumVisualStudioVersion = 10.0.40219.1
Project("{FAE04EC0-301F-11D3-BF4B-00C04F79EFBC}") = "ServerSideProg", "ServerSideProg\ServerSideProg.csproj", "{997DF0BB-21B3-4C63-B3FF-92939DAAB0D0}"
EndProject
Global
	GlobalSection(SolutionConfigurationPlatforms) = preSolution
		Debug|Any CPU = Debug|Any CPU
		Release|Any CPU = Release|Any CPU
	EndGlobalSection
	GlobalSection(ProjectConfigurationPlatforms) = postSolution
		{997DF0BB-21B3-4C63-B3FF-92939DAAB0D0}.Debug|Any CPU.ActiveCfg = Debug|Any CPU
		{997DF0BB-21B3-4C63-B3FF-92939DAAB0D0}.Debug|Any CPU.Build.0 = Debug|Any CPU
		{997DF0BB-21B3-4C63-B3FF-92939DAAB0D0}.Release|Any CPU.ActiveCfg = Release|Any CPU
		{997DF0BB-21B3-4C63-B3FF-92939DAAB0D0}.Release|Any CPU.Build.0 = Release|Any CPU
	EndGlobalSection
	GlobalSection(SolutionProperties) = preSolution
		HideSolutionNode = FALSE
	EndGlobalSection
	GlobalSection(ExtensibilityGlobals) = postSolution
		SolutionGuid = {65A90D8D-0997-40EC-9C7C-F90334813867}
	EndGlobalSection
EndGlobal
